// !$*UTF8*$!
{
	archiveVersion = 1;
	classes = {
	};
	objectVersion = 77;
	objects = {

/* Begin PBXBuildFile section */
		D8125E932D93336C003714FB /* FirebaseAnalytics in Frameworks */ = {isa = PBXBuildFile; productRef = D8125E922D93336C003714FB /* FirebaseAnalytics */; };
		D8125E952D93336C003714FB /* FirebaseAuth in Frameworks */ = {isa = PBXBuildFile; productRef = D8125E942D93336C003714FB /* FirebaseAuth */; };
		D8125E972D93336C003714FB /* FirebaseFirestore in Frameworks */ = {isa = PBXBuildFile; productRef = D8125E962D93336C003714FB /* FirebaseFirestore */; };
		D8125E992D93336C003714FB /* FirebaseMessaging in Frameworks */ = {isa = PBXBuildFile; productRef = D8125E982D93336C003714FB /* FirebaseMessaging */; };
		D8125E9C2D93341D003714FB /* GoogleSignIn in Frameworks */ = {isa = PBXBuildFile; productRef = D8125E9B2D93341D003714FB /* GoogleSignIn */; };
		D8125E9E2D93341D003714FB /* GoogleSignInSwift in Frameworks */ = {isa = PBXBuildFile; productRef = D8125E9D2D93341D003714FB /* GoogleSignInSwift */; };
		D8125EA12D933442003714FB /* GoogleAPIClientForREST_Calendar in Frameworks */ = {isa = PBXBuildFile; productRef = D8125EA02D933442003714FB /* GoogleAPIClientForREST_Calendar */; };
/* End PBXBuildFile section */

/* Begin PBXContainerItemProxy section */
		D83E6AF92D92366E00E581D0 /* PBXContainerItemProxy */ = {
			isa = PBXContainerItemProxy;
			containerPortal = D83E6AE02D92366D00E581D0 /* Project object */;
			proxyType = 1;
			remoteGlobalIDString = D83E6AE72D92366D00E581D0;
			remoteInfo = CheemCo;
		};
		D83E6B032D92366E00E581D0 /* PBXContainerItemProxy */ = {
			isa = PBXContainerItemProxy;
			containerPortal = D83E6AE02D92366D00E581D0 /* Project object */;
			proxyType = 1;
			remoteGlobalIDString = D83E6AE72D92366D00E581D0;
			remoteInfo = CheemCo;
		};
/* End PBXContainerItemProxy section */

/* Begin PBXFileReference section */
		D83E6AE82D92366D00E581D0 /* CheemCo.app */ = {isa = PBXFileReference; explicitFileType = wrapper.application; includeInIndex = 0; path = CheemCo.app; sourceTree = BUILT_PRODUCTS_DIR; };
		D83E6AF82D92366E00E581D0 /* CheemCoTests.xctest */ = {isa = PBXFileReference; explicitFileType = wrapper.cfbundle; includeInIndex = 0; path = CheemCoTests.xctest; sourceTree = BUILT_PRODUCTS_DIR; };
		D83E6B022D92366E00E581D0 /* CheemCoUITests.xctest */ = {isa = PBXFileReference; explicitFileType = wrapper.cfbundle; includeInIndex = 0; path = CheemCoUITests.xctest; sourceTree = BUILT_PRODUCTS_DIR; };
		D8FFD9002D932F2E00BB0530 /* FirebaseAnalytics.xcframework */ = {isa = PBXFileReference; expectedSignature = "AppleDeveloperProgram:EQHXZ8M8AV:Google LLC"; lastKnownFileType = wrapper.xcframework; name = FirebaseAnalytics.xcframework; path = "../../Downloads/Firebase 2/FirebaseAnalytics/FirebaseAnalytics.xcframework"; sourceTree = "<group>"; };
		D8FFD9042D932F6200BB0530 /* FirebaseCore.xcframework */ = {isa = PBXFileReference; expectedSignature = "AppleDeveloperProgram:EQHXZ8M8AV:Google LLC"; lastKnownFileType = wrapper.xcframework; name = FirebaseCore.xcframework; path = "../../Downloads/Firebase 2/FirebaseAnalytics/FirebaseCore.xcframework"; sourceTree = "<group>"; };
		D8FFD9072D932F7C00BB0530 /* FirebaseInstallations.xcframework */ = {isa = PBXFileReference; expectedSignature = "AppleDeveloperProgram:EQHXZ8M8AV:Google LLC"; lastKnownFileType = wrapper.xcframework; name = FirebaseInstallations.xcframework; path = "../../Downloads/Firebase 2/FirebaseAnalytics/FirebaseInstallations.xcframework"; sourceTree = "<group>"; };
		D8FFD90A2D932F9100BB0530 /* FirebaseMessaging.xcframework */ = {isa = PBXFileReference; expectedSignature = "AppleDeveloperProgram:EQHXZ8M8AV:Google LLC"; lastKnownFileType = wrapper.xcframework; name = FirebaseMessaging.xcframework; path = "../../Downloads/Firebase 2/FirebaseMessaging/FirebaseMessaging.xcframework"; sourceTree = "<group>"; };
		D8FFD90D2D932FA800BB0530 /* FirebaseAuth.xcframework */ = {isa = PBXFileReference; expectedSignature = "AppleDeveloperProgram:EQHXZ8M8AV:Google LLC"; lastKnownFileType = wrapper.xcframework; name = FirebaseAuth.xcframework; path = "../../Downloads/Firebase 2/FirebaseAuth/FirebaseAuth.xcframework"; sourceTree = "<group>"; };
		D8FFD9102D9330BA00BB0530 /* FBLPromises.xcframework */ = {isa = PBXFileReference; expectedSignature = "AppleDeveloperProgram:EQHXZ8M8AV:Google LLC"; lastKnownFileType = wrapper.xcframework; name = FBLPromises.xcframework; path = "../../Downloads/Firebase 2/FirebaseAnalytics/FBLPromises.xcframework"; sourceTree = "<group>"; };
		D8FFD9132D9330CD00BB0530 /* GoogleAppMeasurement.xcframework */ = {isa = PBXFileReference; expectedSignature = "AppleDeveloperProgram:EQHXZ8M8AV:Google LLC"; lastKnownFileType = wrapper.xcframework; name = GoogleAppMeasurement.xcframework; path = ../../Downloads/Firebase/FirebaseAnalytics/GoogleAppMeasurement.xcframework; sourceTree = "<group>"; };
		D8FFD9162D9330EF00BB0530 /* nanopb.xcframework */ = {isa = PBXFileReference; expectedSignature = "AppleDeveloperProgram:EQHXZ8M8AV:Google LLC"; lastKnownFileType = wrapper.xcframework; name = nanopb.xcframework; path = "../../Downloads/Firebase 2/FirebaseAnalytics/nanopb.xcframework"; sourceTree = "<group>"; };
		D8FFD9192D93310200BB0530 /* GoogleUtilities.xcframework */ = {isa = PBXFileReference; expectedSignature = "AppleDeveloperProgram:EQHXZ8M8AV:Google LLC"; lastKnownFileType = wrapper.xcframework; name = GoogleUtilities.xcframework; path = ../../Downloads/Firebase/FirebaseAnalytics/GoogleUtilities.xcframework; sourceTree = "<group>"; };
		D8FFD91C2D93312300BB0530 /* FirebaseCoreInternal.xcframework */ = {isa = PBXFileReference; expectedSignature = "AppleDeveloperProgram:EQHXZ8M8AV:Google LLC"; lastKnownFileType = wrapper.xcframework; name = FirebaseCoreInternal.xcframework; path = "../../Downloads/Firebase 2/FirebaseAnalytics/FirebaseCoreInternal.xcframework"; sourceTree = "<group>"; };
/* End PBXFileReference section */

/* Begin PBXFileSystemSynchronizedBuildFileExceptionSet section */
		D8A0B91D2D92E2D700FAA895 /* Exceptions for "CheemCo" folder in "CheemCo" target */ = {
			isa = PBXFileSystemSynchronizedBuildFileExceptionSet;
			membershipExceptions = (
				Info.plist,
			);
			target = D83E6AE72D92366D00E581D0 /* CheemCo */;
		};
/* End PBXFileSystemSynchronizedBuildFileExceptionSet section */

/* Begin PBXFileSystemSynchronizedRootGroup section */
		D83E6AEA2D92366D00E581D0 /* CheemCo */ = {
			isa = PBXFileSystemSynchronizedRootGroup;
			exceptions = (
				D8A0B91D2D92E2D700FAA895 /* Exceptions for "CheemCo" folder in "CheemCo" target */,
			);
			path = CheemCo;
			sourceTree = "<group>";
		};
		D83E6AFB2D92366E00E581D0 /* CheemCoTests */ = {
			isa = PBXFileSystemSynchronizedRootGroup;
			path = CheemCoTests;
			sourceTree = "<group>";
		};
		D83E6B052D92366E00E581D0 /* CheemCoUITests */ = {
			isa = PBXFileSystemSynchronizedRootGroup;
			path = CheemCoUITests;
			sourceTree = "<group>";
		};
/* End PBXFileSystemSynchronizedRootGroup section */

/* Begin PBXFrameworksBuildPhase section */
		D83E6AE52D92366D00E581D0 /* Frameworks */ = {
			isa = PBXFrameworksBuildPhase;
			buildActionMask = 2147483647;
			files = (
				D8125E9C2D93341D003714FB /* GoogleSignIn in Frameworks */,
				D8125EA12D933442003714FB /* GoogleAPIClientForREST_Calendar in Frameworks */,
				D8125E972D93336C003714FB /* FirebaseFirestore in Frameworks */,
				D8125E992D93336C003714FB /* FirebaseMessaging in Frameworks */,
				D8125E9E2D93341D003714FB /* GoogleSignInSwift in Frameworks */,
				D8125E932D93336C003714FB /* FirebaseAnalytics in Frameworks */,
				D8125E952D93336C003714FB /* FirebaseAuth in Frameworks */,
			);
			runOnlyForDeploymentPostprocessing = 0;
		};
		D83E6AF52D92366E00E581D0 /* Frameworks */ = {
			isa = PBXFrameworksBuildPhase;
			buildActionMask = 2147483647;
			files = (
			);
			runOnlyForDeploymentPostprocessing = 0;
		};
		D83E6AFF2D92366E00E581D0 /* Frameworks */ = {
			isa = PBXFrameworksBuildPhase;
			buildActionMask = 2147483647;
			files = (
			);
			runOnlyForDeploymentPostprocessing = 0;
		};
/* End PBXFrameworksBuildPhase section */

/* Begin PBXGroup section */
		D83E6ADF2D92366D00E581D0 = {
			isa = PBXGroup;
			children = (
				D83E6AEA2D92366D00E581D0 /* CheemCo */,
				D83E6AFB2D92366E00E581D0 /* CheemCoTests */,
				D83E6B052D92366E00E581D0 /* CheemCoUITests */,
				D8FFD8FF2D932F2E00BB0530 /* Frameworks */,
				D83E6AE92D92366D00E581D0 /* Products */,
			);
			sourceTree = "<group>";
		};
		D83E6AE92D92366D00E581D0 /* Products */ = {
			isa = PBXGroup;
			children = (
				D83E6AE82D92366D00E581D0 /* CheemCo.app */,
				D83E6AF82D92366E00E581D0 /* CheemCoTests.xctest */,
				D83E6B022D92366E00E581D0 /* CheemCoUITests.xctest */,
			);
			name = Products;
			sourceTree = "<group>";
		};
		D8FFD8FF2D932F2E00BB0530 /* Frameworks */ = {
			isa = PBXGroup;
			children = (
				D8FFD91C2D93312300BB0530 /* FirebaseCoreInternal.xcframework */,
				D8FFD9192D93310200BB0530 /* GoogleUtilities.xcframework */,
				D8FFD9162D9330EF00BB0530 /* nanopb.xcframework */,
				D8FFD9132D9330CD00BB0530 /* GoogleAppMeasurement.xcframework */,
				D8FFD9102D9330BA00BB0530 /* FBLPromises.xcframework */,
				D8FFD90D2D932FA800BB0530 /* FirebaseAuth.xcframework */,
				D8FFD90A2D932F9100BB0530 /* FirebaseMessaging.xcframework */,
				D8FFD9072D932F7C00BB0530 /* FirebaseInstallations.xcframework */,
				D8FFD9042D932F6200BB0530 /* FirebaseCore.xcframework */,
				D8FFD9002D932F2E00BB0530 /* FirebaseAnalytics.xcframework */,
			);
			name = Frameworks;
			sourceTree = "<group>";
		};
/* End PBXGroup section */

/* Begin PBXNativeTarget section */
		D83E6AE72D92366D00E581D0 /* CheemCo */ = {
			isa = PBXNativeTarget;
			buildConfigurationList = D83E6B0C2D92366E00E581D0 /* Build configuration list for PBXNativeTarget "CheemCo" */;
			buildPhases = (
				D83E6AE42D92366D00E581D0 /* Sources */,
				D83E6AE52D92366D00E581D0 /* Frameworks */,
				D83E6AE62D92366D00E581D0 /* Resources */,
			);
			buildRules = (
			);
			dependencies = (
			);
			fileSystemSynchronizedGroups = (
				D83E6AEA2D92366D00E581D0 /* CheemCo */,
			);
			name = CheemCo;
			packageProductDependencies = (
				D8125E922D93336C003714FB /* FirebaseAnalytics */,
				D8125E942D93336C003714FB /* FirebaseAuth */,
				D8125E962D93336C003714FB /* FirebaseFirestore */,
				D8125E982D93336C003714FB /* FirebaseMessaging */,
				D8125E9B2D93341D003714FB /* GoogleSignIn */,
				D8125E9D2D93341D003714FB /* GoogleSignInSwift */,
				D8125EA02D933442003714FB /* GoogleAPIClientForREST_Calendar */,
			);
			productName = CheemCo;
			productReference = D83E6AE82D92366D00E581D0 /* CheemCo.app */;
			productType = "com.apple.product-type.application";
		};
		D83E6AF72D92366E00E581D0 /* CheemCoTests */ = {
			isa = PBXNativeTarget;
			buildConfigurationList = D83E6B0F2D92366E00E581D0 /* Build configuration list for PBXNativeTarget "CheemCoTests" */;
			buildPhases = (
				D83E6AF42D92366E00E581D0 /* Sources */,
				D83E6AF52D92366E00E581D0 /* Frameworks */,
				D83E6AF62D92366E00E581D0 /* Resources */,
			);
			buildRules = (
			);
			dependencies = (
				D83E6AFA2D92366E00E581D0 /* PBXTargetDependency */,
			);
			fileSystemSynchronizedGroups = (
				D83E6AFB2D92366E00E581D0 /* CheemCoTests */,
			);
			name = CheemCoTests;
			productName = CheemCoTests;
			productReference = D83E6AF82D92366E00E581D0 /* CheemCoTests.xctest */;
			productType = "com.apple.product-type.bundle.unit-test";
		};
		D83E6B012D92366E00E581D0 /* CheemCoUITests */ = {
			isa = PBXNativeTarget;
			buildConfigurationList = D83E6B122D92366E00E581D0 /* Build configuration list for PBXNativeTarget "CheemCoUITests" */;
			buildPhases = (
				D83E6AFE2D92366E00E581D0 /* Sources */,
				D83E6AFF2D92366E00E581D0 /* Frameworks */,
				D83E6B002D92366E00E581D0 /* Resources */,
			);
			buildRules = (
			);
			dependencies = (
				D83E6B042D92366E00E581D0 /* PBXTargetDependency */,
			);
			fileSystemSynchronizedGroups = (
				D83E6B052D92366E00E581D0 /* CheemCoUITests */,
			);
			name = CheemCoUITests;
			productName = CheemCoUITests;
			productReference = D83E6B022D92366E00E581D0 /* CheemCoUITests.xctest */;
			productType = "com.apple.product-type.bundle.ui-testing";
		};
/* End PBXNativeTarget section */

/* Begin PBXProject section */
		D83E6AE02D92366D00E581D0 /* Project object */ = {
			isa = PBXProject;
			attributes = {
				BuildIndependentTargetsInParallel = 1;
				LastSwiftUpdateCheck = 1620;
				LastUpgradeCheck = 1620;
				TargetAttributes = {
					D83E6AE72D92366D00E581D0 = {
						CreatedOnToolsVersion = 16.2;
					};
					D83E6AF72D92366E00E581D0 = {
						CreatedOnToolsVersion = 16.2;
						TestTargetID = D83E6AE72D92366D00E581D0;
					};
					D83E6B012D92366E00E581D0 = {
						CreatedOnToolsVersion = 16.2;
						TestTargetID = D83E6AE72D92366D00E581D0;
					};
				};
			};
			buildConfigurationList = D83E6AE32D92366D00E581D0 /* Build configuration list for PBXProject "CheemCo" */;
			developmentRegion = en;
			hasScannedForEncodings = 0;
			knownRegions = (
				en,
				Base,
			);
			mainGroup = D83E6ADF2D92366D00E581D0;
			minimizedProjectReferenceProxies = 1;
			packageReferences = (
				D8125E912D93336C003714FB /* XCRemoteSwiftPackageReference "firebase-ios-sdk" */,
				D8125E9A2D93341D003714FB /* XCRemoteSwiftPackageReference "GoogleSignIn-iOS" */,
				D8125E9F2D933442003714FB /* XCRemoteSwiftPackageReference "google-api-objectivec-client-for-rest" */,
			);
			preferredProjectObjectVersion = 77;
			productRefGroup = D83E6AE92D92366D00E581D0 /* Products */;
			projectDirPath = "";
			projectRoot = "";
			targets = (
				D83E6AE72D92366D00E581D0 /* CheemCo */,
				D83E6AF72D92366E00E581D0 /* CheemCoTests */,
				D83E6B012D92366E00E581D0 /* CheemCoUITests */,
			);
		};
/* End PBXProject section */

/* Begin PBXResourcesBuildPhase section */
		D83E6AE62D92366D00E581D0 /* Resources */ = {
			isa = PBXResourcesBuildPhase;
			buildActionMask = 2147483647;
			files = (
			);
			runOnlyForDeploymentPostprocessing = 0;
		};
		D83E6AF62D92366E00E581D0 /* Resources */ = {
			isa = PBXResourcesBuildPhase;
			buildActionMask = 2147483647;
			files = (
			);
			runOnlyForDeploymentPostprocessing = 0;
		};
		D83E6B002D92366E00E581D0 /* Resources */ = {
			isa = PBXResourcesBuildPhase;
			buildActionMask = 2147483647;
			files = (
			);
			runOnlyForDeploymentPostprocessing = 0;
		};
/* End PBXResourcesBuildPhase section */

/* Begin PBXSourcesBuildPhase section */
		D83E6AE42D92366D00E581D0 /* Sources */ = {
			isa = PBXSourcesBuildPhase;
			buildActionMask = 2147483647;
			files = (
			);
			runOnlyForDeploymentPostprocessing = 0;
		};
		D83E6AF42D92366E00E581D0 /* Sources */ = {
			isa = PBXSourcesBuildPhase;
			buildActionMask = 2147483647;
			files = (
			);
			runOnlyForDeploymentPostprocessing = 0;
		};
		D83E6AFE2D92366E00E581D0 /* Sources */ = {
			isa = PBXSourcesBuildPhase;
			buildActionMask = 2147483647;
			files = (
			);
			runOnlyForDeploymentPostprocessing = 0;
		};
/* End PBXSourcesBuildPhase section */

/* Begin PBXTargetDependency section */
		D83E6AFA2D92366E00E581D0 /* PBXTargetDependency */ = {
			isa = PBXTargetDependency;
			target = D83E6AE72D92366D00E581D0 /* CheemCo */;
			targetProxy = D83E6AF92D92366E00E581D0 /* PBXContainerItemProxy */;
		};
		D83E6B042D92366E00E581D0 /* PBXTargetDependency */ = {
			isa = PBXTargetDependency;
			target = D83E6AE72D92366D00E581D0 /* CheemCo */;
			targetProxy = D83E6B032D92366E00E581D0 /* PBXContainerItemProxy */;
		};
/* End PBXTargetDependency section */

/* Begin XCBuildConfiguration section */
		D83E6B0A2D92366E00E581D0 /* Debug */ = {
			isa = XCBuildConfiguration;
			buildSettings = {
				ALWAYS_SEARCH_USER_PATHS = NO;
				ASSETCATALOG_COMPILER_GENERATE_SWIFT_ASSET_SYMBOL_EXTENSIONS = YES;
				CLANG_ANALYZER_NONNULL = YES;
				CLANG_ANALYZER_NUMBER_OBJECT_CONVERSION = YES_AGGRESSIVE;
				CLANG_CXX_LANGUAGE_STANDARD = "gnu++20";
				CLANG_ENABLE_MODULES = YES;
				CLANG_ENABLE_OBJC_ARC = YES;
				CLANG_ENABLE_OBJC_WEAK = YES;
				CLANG_WARN_BLOCK_CAPTURE_AUTORELEASING = YES;
				CLANG_WARN_BOOL_CONVERSION = YES;
				CLANG_WARN_COMMA = YES;
				CLANG_WARN_CONSTANT_CONVERSION = YES;
				CLANG_WARN_DEPRECATED_OBJC_IMPLEMENTATIONS = YES;
				CLANG_WARN_DIRECT_OBJC_ISA_USAGE = YES_ERROR;
				CLANG_WARN_DOCUMENTATION_COMMENTS = YES;
				CLANG_WARN_EMPTY_BODY = YES;
				CLANG_WARN_ENUM_CONVERSION = YES;
				CLANG_WARN_INFINITE_RECURSION = YES;
				CLANG_WARN_INT_CONVERSION = YES;
				CLANG_WARN_NON_LITERAL_NULL_CONVERSION = YES;
				CLANG_WARN_OBJC_IMPLICIT_RETAIN_SELF = YES;
				CLANG_WARN_OBJC_LITERAL_CONVERSION = YES;
				CLANG_WARN_OBJC_ROOT_CLASS = YES_ERROR;
				CLANG_WARN_QUOTED_INCLUDE_IN_FRAMEWORK_HEADER = YES;
				CLANG_WARN_RANGE_LOOP_ANALYSIS = YES;
				CLANG_WARN_STRICT_PROTOTYPES = YES;
				CLANG_WARN_SUSPICIOUS_MOVE = YES;
				CLANG_WARN_UNGUARDED_AVAILABILITY = YES_AGGRESSIVE;
				CLANG_WARN_UNREACHABLE_CODE = YES;
				CLANG_WARN__DUPLICATE_METHOD_MATCH = YES;
				COPY_PHASE_STRIP = NO;
				DEBUG_INFORMATION_FORMAT = dwarf;
				ENABLE_STRICT_OBJC_MSGSEND = YES;
				ENABLE_TESTABILITY = YES;
				ENABLE_USER_SCRIPT_SANDBOXING = YES;
				GCC_C_LANGUAGE_STANDARD = gnu17;
				GCC_DYNAMIC_NO_PIC = NO;
				GCC_NO_COMMON_BLOCKS = YES;
				GCC_OPTIMIZATION_LEVEL = 0;
				GCC_PREPROCESSOR_DEFINITIONS = (
					"DEBUG=1",
					"$(inherited)",
				);
				GCC_WARN_64_TO_32_BIT_CONVERSION = YES;
				GCC_WARN_ABOUT_RETURN_TYPE = YES_ERROR;
				GCC_WARN_UNDECLARED_SELECTOR = YES;
				GCC_WARN_UNINITIALIZED_AUTOS = YES_AGGRESSIVE;
				GCC_WARN_UNUSED_FUNCTION = YES;
				GCC_WARN_UNUSED_VARIABLE = YES;
				IPHONEOS_DEPLOYMENT_TARGET = 18.2;
				LOCALIZATION_PREFERS_STRING_CATALOGS = YES;
				MTL_ENABLE_DEBUG_INFO = INCLUDE_SOURCE;
				MTL_FAST_MATH = YES;
				ONLY_ACTIVE_ARCH = YES;
				SDKROOT = iphoneos;
				SWIFT_ACTIVE_COMPILATION_CONDITIONS = "DEBUG $(inherited)";
				SWIFT_OPTIMIZATION_LEVEL = "-Onone";
			};
			name = Debug;
		};
		D83E6B0B2D92366E00E581D0 /* Release */ = {
			isa = XCBuildConfiguration;
			buildSettings = {
				ALWAYS_SEARCH_USER_PATHS = NO;
				ASSETCATALOG_COMPILER_GENERATE_SWIFT_ASSET_SYMBOL_EXTENSIONS = YES;
				CLANG_ANALYZER_NONNULL = YES;
				CLANG_ANALYZER_NUMBER_OBJECT_CONVERSION = YES_AGGRESSIVE;
				CLANG_CXX_LANGUAGE_STANDARD = "gnu++20";
				CLANG_ENABLE_MODULES = YES;
				CLANG_ENABLE_OBJC_ARC = YES;
				CLANG_ENABLE_OBJC_WEAK = YES;
				CLANG_WARN_BLOCK_CAPTURE_AUTORELEASING = YES;
				CLANG_WARN_BOOL_CONVERSION = YES;
				CLANG_WARN_COMMA = YES;
				CLANG_WARN_CONSTANT_CONVERSION = YES;
				CLANG_WARN_DEPRECATED_OBJC_IMPLEMENTATIONS = YES;
				CLANG_WARN_DIRECT_OBJC_ISA_USAGE = YES_ERROR;
				CLANG_WARN_DOCUMENTATION_COMMENTS = YES;
				CLANG_WARN_EMPTY_BODY = YES;
				CLANG_WARN_ENUM_CONVERSION = YES;
				CLANG_WARN_INFINITE_RECURSION = YES;
				CLANG_WARN_INT_CONVERSION = YES;
				CLANG_WARN_NON_LITERAL_NULL_CONVERSION = YES;
				CLANG_WARN_OBJC_IMPLICIT_RETAIN_SELF = YES;
				CLANG_WARN_OBJC_LITERAL_CONVERSION = YES;
				CLANG_WARN_OBJC_ROOT_CLASS = YES_ERROR;
				CLANG_WARN_QUOTED_INCLUDE_IN_FRAMEWORK_HEADER = YES;
				CLANG_WARN_RANGE_LOOP_ANALYSIS = YES;
				CLANG_WARN_STRICT_PROTOTYPES = YES;
				CLANG_WARN_SUSPICIOUS_MOVE = YES;
				CLANG_WARN_UNGUARDED_AVAILABILITY = YES_AGGRESSIVE;
				CLANG_WARN_UNREACHABLE_CODE = YES;
				CLANG_WARN__DUPLICATE_METHOD_MATCH = YES;
				COPY_PHASE_STRIP = NO;
				DEBUG_INFORMATION_FORMAT = "dwarf-with-dsym";
				ENABLE_NS_ASSERTIONS = NO;
				ENABLE_STRICT_OBJC_MSGSEND = YES;
				ENABLE_USER_SCRIPT_SANDBOXING = YES;
				GCC_C_LANGUAGE_STANDARD = gnu17;
				GCC_NO_COMMON_BLOCKS = YES;
				GCC_WARN_64_TO_32_BIT_CONVERSION = YES;
				GCC_WARN_ABOUT_RETURN_TYPE = YES_ERROR;
				GCC_WARN_UNDECLARED_SELECTOR = YES;
				GCC_WARN_UNINITIALIZED_AUTOS = YES_AGGRESSIVE;
				GCC_WARN_UNUSED_FUNCTION = YES;
				GCC_WARN_UNUSED_VARIABLE = YES;
				IPHONEOS_DEPLOYMENT_TARGET = 18.2;
				LOCALIZATION_PREFERS_STRING_CATALOGS = YES;
				MTL_ENABLE_DEBUG_INFO = NO;
				MTL_FAST_MATH = YES;
				SDKROOT = iphoneos;
				SWIFT_COMPILATION_MODE = wholemodule;
				VALIDATE_PRODUCT = YES;
			};
			name = Release;
		};
		D83E6B0D2D92366E00E581D0 /* Debug */ = {
			isa = XCBuildConfiguration;
			buildSettings = {
				ASSETCATALOG_COMPILER_APPICON_NAME = AppIcon;
				ASSETCATALOG_COMPILER_GLOBAL_ACCENT_COLOR_NAME = AccentColor;
				CODE_SIGN_STYLE = Automatic;
				CURRENT_PROJECT_VERSION = 1;
				DEVELOPMENT_ASSET_PATHS = "\"CheemCo/Preview Content\"";
				DEVELOPMENT_TEAM = TTJG29GNRP;
				ENABLE_PREVIEWS = YES;
				GENERATE_INFOPLIST_FILE = YES;
				INFOPLIST_FILE = CheemCo/Info.plist;
				INFOPLIST_KEY_UIApplicationSceneManifest_Generation = YES;
				INFOPLIST_KEY_UIApplicationSupportsIndirectInputEvents = YES;
				INFOPLIST_KEY_UILaunchScreen_Generation = YES;
				INFOPLIST_KEY_UISupportedInterfaceOrientations_iPad = "UIInterfaceOrientationPortrait UIInterfaceOrientationPortraitUpsideDown UIInterfaceOrientationLandscapeLeft UIInterfaceOrientationLandscapeRight";
				INFOPLIST_KEY_UISupportedInterfaceOrientations_iPhone = "UIInterfaceOrientationPortrait UIInterfaceOrientationLandscapeLeft UIInterfaceOrientationLandscapeRight";
				LD_RUNPATH_SEARCH_PATHS = (
					"$(inherited)",
					"@executable_path/Frameworks",
				);
				MARKETING_VERSION = 1.0;
				PRODUCT_BUNDLE_IDENTIFIER = CheemCo.CheemCo;
				PRODUCT_NAME = "$(TARGET_NAME)";
				SWIFT_EMIT_LOC_STRINGS = YES;
				SWIFT_VERSION = 5.0;
				TARGETED_DEVICE_FAMILY = "1,2";
			};
			name = Debug;
		};
		D83E6B0E2D92366E00E581D0 /* Release */ = {
			isa = XCBuildConfiguration;
			buildSettings = {
				ASSETCATALOG_COMPILER_APPICON_NAME = AppIcon;
				ASSETCATALOG_COMPILER_GLOBAL_ACCENT_COLOR_NAME = AccentColor;
				CODE_SIGN_STYLE = Automatic;
				CURRENT_PROJECT_VERSION = 1;
				DEVELOPMENT_ASSET_PATHS = "\"CheemCo/Preview Content\"";
				DEVELOPMENT_TEAM = TTJG29GNRP;
				ENABLE_PREVIEWS = YES;
				GENERATE_INFOPLIST_FILE = YES;
				INFOPLIST_FILE = CheemCo/Info.plist;
				INFOPLIST_KEY_UIApplicationSceneManifest_Generation = YES;
				INFOPLIST_KEY_UIApplicationSupportsIndirectInputEvents = YES;
				INFOPLIST_KEY_UILaunchScreen_Generation = YES;
				INFOPLIST_KEY_UISupportedInterfaceOrientations_iPad = "UIInterfaceOrientationPortrait UIInterfaceOrientationPortraitUpsideDown UIInterfaceOrientationLandscapeLeft UIInterfaceOrientationLandscapeRight";
				INFOPLIST_KEY_UISupportedInterfaceOrientations_iPhone = "UIInterfaceOrientationPortrait UIInterfaceOrientationLandscapeLeft UIInterfaceOrientationLandscapeRight";
				LD_RUNPATH_SEARCH_PATHS = (
					"$(inherited)",
					"@executable_path/Frameworks",
				);
				MARKETING_VERSION = 1.0;
				PRODUCT_BUNDLE_IDENTIFIER = CheemCo.CheemCo;
				PRODUCT_NAME = "$(TARGET_NAME)";
				SWIFT_EMIT_LOC_STRINGS = YES;
				SWIFT_VERSION = 5.0;
				TARGETED_DEVICE_FAMILY = "1,2";
			};
			name = Release;
		};
		D83E6B102D92366E00E581D0 /* Debug */ = {
			isa = XCBuildConfiguration;
			buildSettings = {
				BUNDLE_LOADER = "$(TEST_HOST)";
				CODE_SIGN_STYLE = Automatic;
				CURRENT_PROJECT_VERSION = 1;
				DEVELOPMENT_TEAM = TTJG29GNRP;
				GENERATE_INFOPLIST_FILE = YES;
				IPHONEOS_DEPLOYMENT_TARGET = 18.2;
				MARKETING_VERSION = 1.0;
				PRODUCT_BUNDLE_IDENTIFIER = CheemCo.CheemCoTests;
				PRODUCT_NAME = "$(TARGET_NAME)";
				SWIFT_EMIT_LOC_STRINGS = NO;
				SWIFT_VERSION = 5.0;
				TARGETED_DEVICE_FAMILY = "1,2";
				TEST_HOST = "$(BUILT_PRODUCTS_DIR)/CheemCo.app/$(BUNDLE_EXECUTABLE_FOLDER_PATH)/CheemCo";
			};
			name = Debug;
		};
		D83E6B112D92366E00E581D0 /* Release */ = {
			isa = XCBuildConfiguration;
			buildSettings = {
				BUNDLE_LOADER = "$(TEST_HOST)";
				CODE_SIGN_STYLE = Automatic;
				CURRENT_PROJECT_VERSION = 1;
				DEVELOPMENT_TEAM = TTJG29GNRP;
				GENERATE_INFOPLIST_FILE = YES;
				IPHONEOS_DEPLOYMENT_TARGET = 18.2;
				MARKETING_VERSION = 1.0;
				PRODUCT_BUNDLE_IDENTIFIER = CheemCo.CheemCoTests;
				PRODUCT_NAME = "$(TARGET_NAME)";
				SWIFT_EMIT_LOC_STRINGS = NO;
				SWIFT_VERSION = 5.0;
				TARGETED_DEVICE_FAMILY = "1,2";
				TEST_HOST = "$(BUILT_PRODUCTS_DIR)/CheemCo.app/$(BUNDLE_EXECUTABLE_FOLDER_PATH)/CheemCo";
			};
			name = Release;
		};
		D83E6B132D92366E00E581D0 /* Debug */ = {
			isa = XCBuildConfiguration;
			buildSettings = {
				CODE_SIGN_STYLE = Automatic;
				CURRENT_PROJECT_VERSION = 1;
				DEVELOPMENT_TEAM = TTJG29GNRP;
				GENERATE_INFOPLIST_FILE = YES;
				MARKETING_VERSION = 1.0;
				PRODUCT_BUNDLE_IDENTIFIER = CheemCo.CheemCoUITests;
				PRODUCT_NAME = "$(TARGET_NAME)";
				SWIFT_EMIT_LOC_STRINGS = NO;
				SWIFT_VERSION = 5.0;
				TARGETED_DEVICE_FAMILY = "1,2";
				TEST_TARGET_NAME = CheemCo;
			};
			name = Debug;
		};
		D83E6B142D92366E00E581D0 /* Release */ = {
			isa = XCBuildConfiguration;
			buildSettings = {
				CODE_SIGN_STYLE = Automatic;
				CURRENT_PROJECT_VERSION = 1;
				DEVELOPMENT_TEAM = TTJG29GNRP;
				GENERATE_INFOPLIST_FILE = YES;
				MARKETING_VERSION = 1.0;
				PRODUCT_BUNDLE_IDENTIFIER = CheemCo.CheemCoUITests;
				PRODUCT_NAME = "$(TARGET_NAME)";
				SWIFT_EMIT_LOC_STRINGS = NO;
				SWIFT_VERSION = 5.0;
				TARGETED_DEVICE_FAMILY = "1,2";
				TEST_TARGET_NAME = CheemCo;
			};
			name = Release;
		};
/* End XCBuildConfiguration section */

/* Begin XCConfigurationList section */
		D83E6AE32D92366D00E581D0 /* Build configuration list for PBXProject "CheemCo" */ = {
			isa = XCConfigurationList;
			buildConfigurations = (
				D83E6B0A2D92366E00E581D0 /* Debug */,
				D83E6B0B2D92366E00E581D0 /* Release */,
			);
			defaultConfigurationIsVisible = 0;
			defaultConfigurationName = Release;
		};
		D83E6B0C2D92366E00E581D0 /* Build configuration list for PBXNativeTarget "CheemCo" */ = {
			isa = XCConfigurationList;
			buildConfigurations = (
				D83E6B0D2D92366E00E581D0 /* Debug */,
				D83E6B0E2D92366E00E581D0 /* Release */,
			);
			defaultConfigurationIsVisible = 0;
			defaultConfigurationName = Release;
		};
		D83E6B0F2D92366E00E581D0 /* Build configuration list for PBXNativeTarget "CheemCoTests" */ = {
			isa = XCConfigurationList;
			buildConfigurations = (
				D83E6B102D92366E00E581D0 /* Debug */,
				D83E6B112D92366E00E581D0 /* Release */,
			);
			defaultConfigurationIsVisible = 0;
			defaultConfigurationName = Release;
		};
		D83E6B122D92366E00E581D0 /* Build configuration list for PBXNativeTarget "CheemCoUITests" */ = {
			isa = XCConfigurationList;
			buildConfigurations = (
				D83E6B132D92366E00E581D0 /* Debug */,
				D83E6B142D92366E00E581D0 /* Release */,
			);
			defaultConfigurationIsVisible = 0;
			defaultConfigurationName = Release;
		};
/* End XCConfigurationList section */

/* Begin XCRemoteSwiftPackageReference section */
		D8125E912D93336C003714FB /* XCRemoteSwiftPackageReference "firebase-ios-sdk" */ = {
			isa = XCRemoteSwiftPackageReference;
			repositoryURL = "https://github.com/firebase/firebase-ios-sdk";
			requirement = {
				kind = upToNextMajorVersion;
				minimumVersion = 11.10.0;
			};
		};
		D8125E9A2D93341D003714FB /* XCRemoteSwiftPackageReference "GoogleSignIn-iOS" */ = {
			isa = XCRemoteSwiftPackageReference;
			repositoryURL = "https://github.com/google/GoogleSignIn-iOS.git";
			requirement = {
				kind = upToNextMajorVersion;
				minimumVersion = 8.0.0;
			};
		};
		D8125E9F2D933442003714FB /* XCRemoteSwiftPackageReference "google-api-objectivec-client-for-rest" */ = {
			isa = XCRemoteSwiftPackageReference;
			repositoryURL = "https://github.com/google/google-api-objectivec-client-for-rest";
			requirement = {
				branch = main;
				kind = branch;
			};
		};
/* End XCRemoteSwiftPackageReference section */

/* Begin XCSwiftPackageProductDependency section */
		D8125E922D93336C003714FB /* FirebaseAnalytics */ = {
			isa = XCSwiftPackageProductDependency;
			package = D8125E912D93336C003714FB /* XCRemoteSwiftPackageReference "firebase-ios-sdk" */;
			productName = FirebaseAnalytics;
		};
		D8125E942D93336C003714FB /* FirebaseAuth */ = {
			isa = XCSwiftPackageProductDependency;
			package = D8125E912D93336C003714FB /* XCRemoteSwiftPackageReference "firebase-ios-sdk" */;
			productName = FirebaseAuth;
		};
		D8125E962D93336C003714FB /* FirebaseFirestore */ = {
			isa = XCSwiftPackageProductDependency;
			package = D8125E912D93336C003714FB /* XCRemoteSwiftPackageReference "firebase-ios-sdk" */;
			productName = FirebaseFirestore;
		};
		D8125E982D93336C003714FB /* FirebaseMessaging */ = {
			isa = XCSwiftPackageProductDependency;
			package = D8125E912D93336C003714FB /* XCRemoteSwiftPackageReference "firebase-ios-sdk" */;
			productName = FirebaseMessaging;
		};
		D8125E9B2D93341D003714FB /* GoogleSignIn */ = {
			isa = XCSwiftPackageProductDependency;
			package = D8125E9A2D93341D003714FB /* XCRemoteSwiftPackageReference "GoogleSignIn-iOS" */;
			productName = GoogleSignIn;
		};
		D8125E9D2D93341D003714FB /* GoogleSignInSwift */ = {
			isa = XCSwiftPackageProductDependency;
			package = D8125E9A2D93341D003714FB /* XCRemoteSwiftPackageReference "GoogleSignIn-iOS" */;
			productName = GoogleSignInSwift;
		};
		D8125EA02D933442003714FB /* GoogleAPIClientForREST_Calendar */ = {
			isa = XCSwiftPackageProductDependency;
			package = D8125E9F2D933442003714FB /* XCRemoteSwiftPackageReference "google-api-objectivec-client-for-rest" */;
			productName = GoogleAPIClientForREST_Calendar;
		};
/* End XCSwiftPackageProductDependency section */
	};
	rootObject = D83E6AE02D92366D00E581D0 /* Project object */;
}
